schema: '2.0'
stages:
  data_ingestion:
    cmd: python3 src/data/data_ingestion.py
    deps:
    - path: src/data/data_ingestion.py
      hash: md5
      md5: 2f5485ce57052157072049ca3591f4b1
      size: 3186
    params:
      params.yaml:
        data_ingestion.test_size: 0.3
    outs:
    - path: data/raw
      hash: md5
      md5: 03b3b604b1f92a17191a7fc947e576d6.dir
      size: 827973
      nfiles: 2
  data_preprocess:
    cmd: python3 src/data/data_preprocessing.py
    deps:
    - path: data/raw
      hash: md5
      md5: 03b3b604b1f92a17191a7fc947e576d6.dir
      size: 827973
      nfiles: 2
    - path: src/data/data_preprocessing.py
      hash: md5
      md5: 69c1e925599fe9c337f9de05b76b0176
      size: 3990
    outs:
    - path: data/interim
      hash: md5
      md5: 994c49fadcae57312a3667f2eba4dc35.dir
      size: 572633
      nfiles: 2
  feature_engineering:
    cmd: python3 src/features/feature_engineering.py
    deps:
    - path: data/interim
      hash: md5
      md5: 994c49fadcae57312a3667f2eba4dc35.dir
      size: 572633
      nfiles: 2
    - path: src/features/feature_engineering.py
      hash: md5
      md5: 31b7e92c4678289061329073d0100d9b
      size: 3758
    params:
      params.yaml:
        feature_engineering.max_features: 60
    outs:
    - path: data/processed
      hash: md5
      md5: 8d4bc1d7c816aedf127a7ac7a33bacdf.dir
      size: 1276356
      nfiles: 2
  model_building:
    cmd: python3 src/models/model_building.py
    deps:
    - path: data/processed
      hash: md5
      md5: 8d4bc1d7c816aedf127a7ac7a33bacdf.dir
      size: 1276356
      nfiles: 2
    - path: src/models/model_building.py
      hash: md5
      md5: f85f3e5f2295ef5a6b539395836e591e
      size: 3059
    params:
      params.yaml:
        model_building.learning_rate: 0.2
        model_building.n_estimators: 40
    outs:
    - path: models/model.pkl
      hash: md5
      md5: 6e4fd1eb1fc83f6a36fefe2de3534e03
      size: 59150
  model_evaluation:
    cmd: python3 src/models/model_evaluation.py
    deps:
    - path: data/processed
      hash: md5
      md5: 8d4bc1d7c816aedf127a7ac7a33bacdf.dir
      size: 1276356
      nfiles: 2
    - path: models/model.pkl
      hash: md5
      md5: 6e4fd1eb1fc83f6a36fefe2de3534e03
      size: 59150
    - path: src/models/model_evaluation.py
      hash: md5
      md5: a6eec6ad749aa22c1aff524b392b695c
      size: 3367
    outs:
    - path: reports/metrics.json
      hash: md5
      md5: 2453efa86880b9d548bed2a4c07aa83f
      size: 145
